
Microsoft Visual Studio Solution File, Format Version 12.00
# Visual Studio Version 17
VisualStudioVersion = 17.5.002.0
MinimumVisualStudioVersion = 10.0.40219.1
Project("{9A19103F-16F7-4668-BE54-9A1E7A4F7556}") = "総合図書管理システム新版", "総合図書管理システム新版.csproj", "{9313C8FA-D017-4395-869B-F38B8A5A5F0E}"
EndProject
Global
	GlobalSection(SolutionConfigurationPlatforms) = preSolution
		Debug|Any CPU = Debug|Any CPU
		Release|Any CPU = Release|Any CPU
	EndGlobalSection
	GlobalSection(ProjectConfigurationPlatforms) = postSolution
		{9313C8FA-D017-4395-869B-F38B8A5A5F0E}.Debug|Any CPU.ActiveCfg = Debug|Any CPU
		{9313C8FA-D017-4395-869B-F38B8A5A5F0E}.Debug|Any CPU.Build.0 = Debug|Any CPU
		{9313C8FA-D017-4395-869B-F38B8A5A5F0E}.Release|Any CPU.ActiveCfg = Release|Any CPU
		{9313C8FA-D017-4395-869B-F38B8A5A5F0E}.Release|Any CPU.Build.0 = Release|Any CPU
	EndGlobalSection
	GlobalSection(SolutionProperties) = preSolution
		HideSolutionNode = FALSE
	EndGlobalSection
	GlobalSection(ExtensibilityGlobals) = postSolution
		SolutionGuid = {2E784048-451B-4C9C-BD1C-46B9004AF75B}
	EndGlobalSection
EndGlobal
